
Microsoft Visual Studio Solution File, Format Version 12.00
Project("{FAE04EC0-301F-11D3-BF4B-00C04F79EFBC}") = "NodeSharp.Client", "NodeSharp.Client\NodeSharp.Client.csproj", "{A5F0EA5C-3712-45EC-A5DB-23CF43C8E64B}"
EndProject
Project("{FAE04EC0-301F-11D3-BF4B-00C04F79EFBC}") = "NodeSharp.NodeEngine", "NodeSharp.NodeEngine\NodeSharp.NodeEngine.csproj", "{0101E373-7A9A-4C51-A406-E4C563CED378}"
EndProject
Project("{FAE04EC0-301F-11D3-BF4B-00C04F79EFBC}") = "NodeSharp.NodeEngine.Tests", "NodeSharp.NodeEngine.Tests\NodeSharp.NodeEngine.Tests.csproj", "{D820D2AF-5484-4290-8E4A-1728AF9AE861}"
EndProject
Project("{2150E333-8FDC-42A3-9474-1A3956D46DE8}") = "Nodes", "Nodes", "{897AB28B-58DD-45D3-B5DD-250B3F49F231}"
EndProject
Project("{FAE04EC0-301F-11D3-BF4B-00C04F79EFBC}") = "NodeSharp.Nodes.Inject", "NodeSharp.Nodes.Inject\NodeSharp.Nodes.Inject.csproj", "{FD5C58DA-C1F6-45FE-A260-3A4E6C60CC4C}"
EndProject
Project("{FAE04EC0-301F-11D3-BF4B-00C04F79EFBC}") = "NodeSharp.Nodes.Common", "NodeSharp.Nodes.Common\NodeSharp.Nodes.Common.csproj", "{E889584E-FF48-4510-92F8-76B06CCF95C9}"
EndProject
Project("{FAE04EC0-301F-11D3-BF4B-00C04F79EFBC}") = "NodeSharp.Nodes.Random", "NodeSharp.Nodes.Random\NodeSharp.Nodes.Random.csproj", "{6BF585AB-1996-464C-9C6B-D7F12D5CBDBC}"
EndProject
Project("{FAE04EC0-301F-11D3-BF4B-00C04F79EFBC}") = "NodeSharp.Nodes.Delay", "NodeSharp.Nodes.Delay\NodeSharp.Nodes.Delay.csproj", "{0166439F-519E-4097-BEE9-30E1C1A054AA}"
EndProject
Project("{FAE04EC0-301F-11D3-BF4B-00C04F79EFBC}") = "NodeSharp.Nodes.Function", "NodeSharp.Nodes.Function\NodeSharp.Nodes.Function.csproj", "{D5CDBCE4-2B8D-4437-9EC3-78E59FB59B3D}"
EndProject
Project("{FAE04EC0-301F-11D3-BF4B-00C04F79EFBC}") = "NodeSharp.Nodes.Debug", "NodeSharp.Nodes.Debug\NodeSharp.Nodes.Debug.csproj", "{6C1477DD-8B17-4D7C-9A21-1E8901117562}"
EndProject
Project("{2150E333-8FDC-42A3-9474-1A3956D46DE8}") = "Test", "Test", "{5E25E7CA-AF0F-4988-A8F2-361A373A9136}"
EndProject
Project("{FAE04EC0-301F-11D3-BF4B-00C04F79EFBC}") = "ManualNodeDisplayTest", "ManualNodeDisplayTest\ManualNodeDisplayTest.csproj", "{DFF291D3-77AC-409B-ADB7-50A74E79B800}"
EndProject
Global
	GlobalSection(SolutionConfigurationPlatforms) = preSolution
		Debug|Any CPU = Debug|Any CPU
		Release|Any CPU = Release|Any CPU
	EndGlobalSection
	GlobalSection(ProjectConfigurationPlatforms) = postSolution
		{A5F0EA5C-3712-45EC-A5DB-23CF43C8E64B}.Debug|Any CPU.ActiveCfg = Debug|Any CPU
		{A5F0EA5C-3712-45EC-A5DB-23CF43C8E64B}.Debug|Any CPU.Build.0 = Debug|Any CPU
		{A5F0EA5C-3712-45EC-A5DB-23CF43C8E64B}.Release|Any CPU.ActiveCfg = Release|Any CPU
		{A5F0EA5C-3712-45EC-A5DB-23CF43C8E64B}.Release|Any CPU.Build.0 = Release|Any CPU
		{0101E373-7A9A-4C51-A406-E4C563CED378}.Debug|Any CPU.ActiveCfg = Debug|Any CPU
		{0101E373-7A9A-4C51-A406-E4C563CED378}.Debug|Any CPU.Build.0 = Debug|Any CPU
		{0101E373-7A9A-4C51-A406-E4C563CED378}.Release|Any CPU.ActiveCfg = Release|Any CPU
		{0101E373-7A9A-4C51-A406-E4C563CED378}.Release|Any CPU.Build.0 = Release|Any CPU
		{D820D2AF-5484-4290-8E4A-1728AF9AE861}.Debug|Any CPU.ActiveCfg = Debug|Any CPU
		{D820D2AF-5484-4290-8E4A-1728AF9AE861}.Debug|Any CPU.Build.0 = Debug|Any CPU
		{D820D2AF-5484-4290-8E4A-1728AF9AE861}.Release|Any CPU.ActiveCfg = Release|Any CPU
		{D820D2AF-5484-4290-8E4A-1728AF9AE861}.Release|Any CPU.Build.0 = Release|Any CPU
		{FD5C58DA-C1F6-45FE-A260-3A4E6C60CC4C}.Debug|Any CPU.ActiveCfg = Debug|Any CPU
		{FD5C58DA-C1F6-45FE-A260-3A4E6C60CC4C}.Debug|Any CPU.Build.0 = Debug|Any CPU
		{FD5C58DA-C1F6-45FE-A260-3A4E6C60CC4C}.Release|Any CPU.ActiveCfg = Release|Any CPU
		{FD5C58DA-C1F6-45FE-A260-3A4E6C60CC4C}.Release|Any CPU.Build.0 = Release|Any CPU
		{E889584E-FF48-4510-92F8-76B06CCF95C9}.Debug|Any CPU.ActiveCfg = Debug|Any CPU
		{E889584E-FF48-4510-92F8-76B06CCF95C9}.Debug|Any CPU.Build.0 = Debug|Any CPU
		{E889584E-FF48-4510-92F8-76B06CCF95C9}.Release|Any CPU.ActiveCfg = Release|Any CPU
		{E889584E-FF48-4510-92F8-76B06CCF95C9}.Release|Any CPU.Build.0 = Release|Any CPU
		{6BF585AB-1996-464C-9C6B-D7F12D5CBDBC}.Debug|Any CPU.ActiveCfg = Debug|Any CPU
		{6BF585AB-1996-464C-9C6B-D7F12D5CBDBC}.Debug|Any CPU.Build.0 = Debug|Any CPU
		{6BF585AB-1996-464C-9C6B-D7F12D5CBDBC}.Release|Any CPU.ActiveCfg = Release|Any CPU
		{6BF585AB-1996-464C-9C6B-D7F12D5CBDBC}.Release|Any CPU.Build.0 = Release|Any CPU
		{0166439F-519E-4097-BEE9-30E1C1A054AA}.Debug|Any CPU.ActiveCfg = Debug|Any CPU
		{0166439F-519E-4097-BEE9-30E1C1A054AA}.Debug|Any CPU.Build.0 = Debug|Any CPU
		{0166439F-519E-4097-BEE9-30E1C1A054AA}.Release|Any CPU.ActiveCfg = Release|Any CPU
		{0166439F-519E-4097-BEE9-30E1C1A054AA}.Release|Any CPU.Build.0 = Release|Any CPU
		{D5CDBCE4-2B8D-4437-9EC3-78E59FB59B3D}.Debug|Any CPU.ActiveCfg = Debug|Any CPU
		{D5CDBCE4-2B8D-4437-9EC3-78E59FB59B3D}.Debug|Any CPU.Build.0 = Debug|Any CPU
		{D5CDBCE4-2B8D-4437-9EC3-78E59FB59B3D}.Release|Any CPU.ActiveCfg = Release|Any CPU
		{D5CDBCE4-2B8D-4437-9EC3-78E59FB59B3D}.Release|Any CPU.Build.0 = Release|Any CPU
		{6C1477DD-8B17-4D7C-9A21-1E8901117562}.Debug|Any CPU.ActiveCfg = Debug|Any CPU
		{6C1477DD-8B17-4D7C-9A21-1E8901117562}.Debug|Any CPU.Build.0 = Debug|Any CPU
		{6C1477DD-8B17-4D7C-9A21-1E8901117562}.Release|Any CPU.ActiveCfg = Release|Any CPU
		{6C1477DD-8B17-4D7C-9A21-1E8901117562}.Release|Any CPU.Build.0 = Release|Any CPU
		{DFF291D3-77AC-409B-ADB7-50A74E79B800}.Debug|Any CPU.ActiveCfg = Debug|Any CPU
		{DFF291D3-77AC-409B-ADB7-50A74E79B800}.Debug|Any CPU.Build.0 = Debug|Any CPU
		{DFF291D3-77AC-409B-ADB7-50A74E79B800}.Release|Any CPU.ActiveCfg = Release|Any CPU
		{DFF291D3-77AC-409B-ADB7-50A74E79B800}.Release|Any CPU.Build.0 = Release|Any CPU
	EndGlobalSection
	GlobalSection(NestedProjects) = preSolution
		{FD5C58DA-C1F6-45FE-A260-3A4E6C60CC4C} = {897AB28B-58DD-45D3-B5DD-250B3F49F231}
		{E889584E-FF48-4510-92F8-76B06CCF95C9} = {897AB28B-58DD-45D3-B5DD-250B3F49F231}
		{6BF585AB-1996-464C-9C6B-D7F12D5CBDBC} = {897AB28B-58DD-45D3-B5DD-250B3F49F231}
		{0166439F-519E-4097-BEE9-30E1C1A054AA} = {897AB28B-58DD-45D3-B5DD-250B3F49F231}
		{D5CDBCE4-2B8D-4437-9EC3-78E59FB59B3D} = {897AB28B-58DD-45D3-B5DD-250B3F49F231}
		{6C1477DD-8B17-4D7C-9A21-1E8901117562} = {897AB28B-58DD-45D3-B5DD-250B3F49F231}
		{DFF291D3-77AC-409B-ADB7-50A74E79B800} = {5E25E7CA-AF0F-4988-A8F2-361A373A9136}
	EndGlobalSection
EndGlobal
